PODS:
  - SNCollectionViewLayout (1.0.1)

DEPENDENCIES:
  - SNCollectionViewLayout (from `../`)

EXTERNAL SOURCES:
  SNCollectionViewLayout:
    :path: "../"

SPEC CHECKSUMS:
  SNCollectionViewLayout: 9c104aaad001ac6bdf47dc1b8c7c92f4efc97ee3

PODFILE CHECKSUM: 63cbdbdecc3985c429785a2c6113b5bcd1cdcb6a

COCOAPODS: 1.10.1
